
Microsoft Visual Studio Solution File, Format Version 12.00
# Visual Studio Version 17
VisualStudioVersion = 17.11.35222.181
MinimumVisualStudioVersion = 10.0.40219.1
Project("{FAE04EC0-301F-11D3-BF4B-00C04F79EFBC}") = "Builder_DeignPattern", "Builder_DeignPattern.csproj", "{1AC4ADAC-6FCA-4C57-8D4B-F5ED6BA7588D}"
EndProject
Global
	GlobalSection(SolutionConfigurationPlatforms) = preSolution
		Debug|Any CPU = Debug|Any CPU
		Release|Any CPU = Release|Any CPU
	EndGlobalSection
	GlobalSection(ProjectConfigurationPlatforms) = postSolution
		{1AC4ADAC-6FCA-4C57-8D4B-F5ED6BA7588D}.Debug|Any CPU.ActiveCfg = Debug|Any CPU
		{1AC4ADAC-6FCA-4C57-8D4B-F5ED6BA7588D}.Debug|Any CPU.Build.0 = Debug|Any CPU
		{1AC4ADAC-6FCA-4C57-8D4B-F5ED6BA7588D}.Release|Any CPU.ActiveCfg = Release|Any CPU
		{1AC4ADAC-6FCA-4C57-8D4B-F5ED6BA7588D}.Release|Any CPU.Build.0 = Release|Any CPU
	EndGlobalSection
	GlobalSection(SolutionProperties) = preSolution
		HideSolutionNode = FALSE
	EndGlobalSection
	GlobalSection(ExtensibilityGlobals) = postSolution
		SolutionGuid = {44E7B3F0-0D55-4685-9B41-74CD268935B3}
	EndGlobalSection
EndGlobal
