
Microsoft Visual Studio Solution File, Format Version 12.00
# Visual Studio Version 17
VisualStudioVersion = 17.11.35222.181
MinimumVisualStudioVersion = 10.0.40219.1
Project("{FAE04EC0-301F-11D3-BF4B-00C04F79EFBC}") = "Day6", "Day6.csproj", "{25D8157A-80EF-4CA3-BFB2-678C6D18B773}"
EndProject
Global
	GlobalSection(SolutionConfigurationPlatforms) = preSolution
		Debug|Any CPU = Debug|Any CPU
		Release|Any CPU = Release|Any CPU
	EndGlobalSection
	GlobalSection(ProjectConfigurationPlatforms) = postSolution
		{25D8157A-80EF-4CA3-BFB2-678C6D18B773}.Debug|Any CPU.ActiveCfg = Debug|Any CPU
		{25D8157A-80EF-4CA3-BFB2-678C6D18B773}.Debug|Any CPU.Build.0 = Debug|Any CPU
		{25D8157A-80EF-4CA3-BFB2-678C6D18B773}.Release|Any CPU.ActiveCfg = Release|Any CPU
		{25D8157A-80EF-4CA3-BFB2-678C6D18B773}.Release|Any CPU.Build.0 = Release|Any CPU
	EndGlobalSection
	GlobalSection(SolutionProperties) = preSolution
		HideSolutionNode = FALSE
	EndGlobalSection
	GlobalSection(ExtensibilityGlobals) = postSolution
		SolutionGuid = {E39B7E26-1CDA-47F3-809C-495EE2682CDF}
	EndGlobalSection
EndGlobal
