
Microsoft Visual Studio Solution File, Format Version 12.00
# Visual Studio Version 17
VisualStudioVersion = 17.11.35222.181
MinimumVisualStudioVersion = 10.0.40219.1
Project("{FAE04EC0-301F-11D3-BF4B-00C04F79EFBC}") = "Day8-MediumQuestion", "Day8-MediumQuestion.csproj", "{6A246A13-D71C-4351-8DC3-7D2CC7CE37C7}"
EndProject
Global
	GlobalSection(SolutionConfigurationPlatforms) = preSolution
		Debug|Any CPU = Debug|Any CPU
		Release|Any CPU = Release|Any CPU
	EndGlobalSection
	GlobalSection(ProjectConfigurationPlatforms) = postSolution
		{6A246A13-D71C-4351-8DC3-7D2CC7CE37C7}.Debug|Any CPU.ActiveCfg = Debug|Any CPU
		{6A246A13-D71C-4351-8DC3-7D2CC7CE37C7}.Debug|Any CPU.Build.0 = Debug|Any CPU
		{6A246A13-D71C-4351-8DC3-7D2CC7CE37C7}.Release|Any CPU.ActiveCfg = Release|Any CPU
		{6A246A13-D71C-4351-8DC3-7D2CC7CE37C7}.Release|Any CPU.Build.0 = Release|Any CPU
	EndGlobalSection
	GlobalSection(SolutionProperties) = preSolution
		HideSolutionNode = FALSE
	EndGlobalSection
	GlobalSection(ExtensibilityGlobals) = postSolution
		SolutionGuid = {F39A6CD6-83D2-4259-A07A-95D38F2F3FBC}
	EndGlobalSection
EndGlobal
