
Microsoft Visual Studio Solution File, Format Version 12.00
# Visual Studio Version 17
VisualStudioVersion = 17.11.35222.181
MinimumVisualStudioVersion = 10.0.40219.1
Project("{FAE04EC0-301F-11D3-BF4B-00C04F79EFBC}") = "Day12-WebApplicationTask", "Day12-WebApplicationTask.csproj", "{3411E7DE-E5D9-48CA-9443-3F938BEFCD1D}"
EndProject
Global
	GlobalSection(SolutionConfigurationPlatforms) = preSolution
		Debug|Any CPU = Debug|Any CPU
		Release|Any CPU = Release|Any CPU
	EndGlobalSection
	GlobalSection(ProjectConfigurationPlatforms) = postSolution
		{3411E7DE-E5D9-48CA-9443-3F938BEFCD1D}.Debug|Any CPU.ActiveCfg = Debug|Any CPU
		{3411E7DE-E5D9-48CA-9443-3F938BEFCD1D}.Debug|Any CPU.Build.0 = Debug|Any CPU
		{3411E7DE-E5D9-48CA-9443-3F938BEFCD1D}.Release|Any CPU.ActiveCfg = Release|Any CPU
		{3411E7DE-E5D9-48CA-9443-3F938BEFCD1D}.Release|Any CPU.Build.0 = Release|Any CPU
	EndGlobalSection
	GlobalSection(SolutionProperties) = preSolution
		HideSolutionNode = FALSE
	EndGlobalSection
	GlobalSection(ExtensibilityGlobals) = postSolution
		SolutionGuid = {3CF5176B-652D-48A5-9DE7-67ECCBB000C7}
	EndGlobalSection
EndGlobal
