
Microsoft Visual Studio Solution File, Format Version 12.00
# Visual Studio Version 17
VisualStudioVersion = 17.11.35222.181
MinimumVisualStudioVersion = 10.0.40219.1
Project("{9A19103F-16F7-4668-BE54-9A1E7A4F7556}") = "QuizzApplicationBackend", "QuizzApplicationBackend\QuizzApplicationBackend.csproj", "{F2C10CF4-AF30-483C-9C9D-8C18B776F655}"
EndProject
Project("{FAE04EC0-301F-11D3-BF4B-00C04F79EFBC}") = "TestProject1", "TestProject1\TestProject1.csproj", "{C75BEC55-D941-4CB4-998F-F3AC02E4790E}"
EndProject
Global
	GlobalSection(SolutionConfigurationPlatforms) = preSolution
		Debug|Any CPU = Debug|Any CPU
		Release|Any CPU = Release|Any CPU
	EndGlobalSection
	GlobalSection(ProjectConfigurationPlatforms) = postSolution
		{F2C10CF4-AF30-483C-9C9D-8C18B776F655}.Debug|Any CPU.ActiveCfg = Debug|Any CPU
		{F2C10CF4-AF30-483C-9C9D-8C18B776F655}.Debug|Any CPU.Build.0 = Debug|Any CPU
		{F2C10CF4-AF30-483C-9C9D-8C18B776F655}.Release|Any CPU.ActiveCfg = Release|Any CPU
		{F2C10CF4-AF30-483C-9C9D-8C18B776F655}.Release|Any CPU.Build.0 = Release|Any CPU
		{C75BEC55-D941-4CB4-998F-F3AC02E4790E}.Debug|Any CPU.ActiveCfg = Debug|Any CPU
		{C75BEC55-D941-4CB4-998F-F3AC02E4790E}.Debug|Any CPU.Build.0 = Debug|Any CPU
		{C75BEC55-D941-4CB4-998F-F3AC02E4790E}.Release|Any CPU.ActiveCfg = Release|Any CPU
		{C75BEC55-D941-4CB4-998F-F3AC02E4790E}.Release|Any CPU.Build.0 = Release|Any CPU
	EndGlobalSection
	GlobalSection(SolutionProperties) = preSolution
		HideSolutionNode = FALSE
	EndGlobalSection
	GlobalSection(ExtensibilityGlobals) = postSolution
		SolutionGuid = {2B8D9F7A-670A-4D95-B170-BA7BD702E6FD}
	EndGlobalSection
EndGlobal
