
Microsoft Visual Studio Solution File, Format Version 12.00
# Visual Studio Version 17
VisualStudioVersion = 17.11.35222.181
MinimumVisualStudioVersion = 10.0.40219.1
Project("{FAE04EC0-301F-11D3-BF4B-00C04F79EFBC}") = "Day8", "Day8.csproj", "{75938125-E7F8-4363-B725-859E8598C9B0}"
EndProject
Global
	GlobalSection(SolutionConfigurationPlatforms) = preSolution
		Debug|Any CPU = Debug|Any CPU
		Release|Any CPU = Release|Any CPU
	EndGlobalSection
	GlobalSection(ProjectConfigurationPlatforms) = postSolution
		{75938125-E7F8-4363-B725-859E8598C9B0}.Debug|Any CPU.ActiveCfg = Debug|Any CPU
		{75938125-E7F8-4363-B725-859E8598C9B0}.Debug|Any CPU.Build.0 = Debug|Any CPU
		{75938125-E7F8-4363-B725-859E8598C9B0}.Release|Any CPU.ActiveCfg = Release|Any CPU
		{75938125-E7F8-4363-B725-859E8598C9B0}.Release|Any CPU.Build.0 = Release|Any CPU
	EndGlobalSection
	GlobalSection(SolutionProperties) = preSolution
		HideSolutionNode = FALSE
	EndGlobalSection
	GlobalSection(ExtensibilityGlobals) = postSolution
		SolutionGuid = {8914F50F-DB47-4644-BB89-8C4213579542}
	EndGlobalSection
EndGlobal
