
Microsoft Visual Studio Solution File, Format Version 12.00
# Visual Studio Version 17
VisualStudioVersion = 17.11.35222.181
MinimumVisualStudioVersion = 10.0.40219.1
Project("{FAE04EC0-301F-11D3-BF4B-00C04F79EFBC}") = "Day15-WebAPI", "Day15-WebAPI.csproj", "{B0A6EEFE-D319-49E5-8D3B-4CE9BA0AD181}"
EndProject
Global
	GlobalSection(SolutionConfigurationPlatforms) = preSolution
		Debug|Any CPU = Debug|Any CPU
		Release|Any CPU = Release|Any CPU
	EndGlobalSection
	GlobalSection(ProjectConfigurationPlatforms) = postSolution
		{B0A6EEFE-D319-49E5-8D3B-4CE9BA0AD181}.Debug|Any CPU.ActiveCfg = Debug|Any CPU
		{B0A6EEFE-D319-49E5-8D3B-4CE9BA0AD181}.Debug|Any CPU.Build.0 = Debug|Any CPU
		{B0A6EEFE-D319-49E5-8D3B-4CE9BA0AD181}.Release|Any CPU.ActiveCfg = Release|Any CPU
		{B0A6EEFE-D319-49E5-8D3B-4CE9BA0AD181}.Release|Any CPU.Build.0 = Release|Any CPU
	EndGlobalSection
	GlobalSection(SolutionProperties) = preSolution
		HideSolutionNode = FALSE
	EndGlobalSection
	GlobalSection(ExtensibilityGlobals) = postSolution
		SolutionGuid = {95F7F0F0-5767-483C-A6A9-0E70132E2B5C}
	EndGlobalSection
EndGlobal
