
Microsoft Visual Studio Solution File, Format Version 12.00
# Visual Studio Version 17
VisualStudioVersion = 17.11.35222.181
MinimumVisualStudioVersion = 10.0.40219.1
Project("{FAE04EC0-301F-11D3-BF4B-00C04F79EFBC}") = "Day9-ClinicManagement", "Day9-ClinicManagement.csproj", "{DCE55444-B25B-4D6D-AAD5-C434F9F7AE2A}"
EndProject
Global
	GlobalSection(SolutionConfigurationPlatforms) = preSolution
		Debug|Any CPU = Debug|Any CPU
		Release|Any CPU = Release|Any CPU
	EndGlobalSection
	GlobalSection(ProjectConfigurationPlatforms) = postSolution
		{DCE55444-B25B-4D6D-AAD5-C434F9F7AE2A}.Debug|Any CPU.ActiveCfg = Debug|Any CPU
		{DCE55444-B25B-4D6D-AAD5-C434F9F7AE2A}.Debug|Any CPU.Build.0 = Debug|Any CPU
		{DCE55444-B25B-4D6D-AAD5-C434F9F7AE2A}.Release|Any CPU.ActiveCfg = Release|Any CPU
		{DCE55444-B25B-4D6D-AAD5-C434F9F7AE2A}.Release|Any CPU.Build.0 = Release|Any CPU
	EndGlobalSection
	GlobalSection(SolutionProperties) = preSolution
		HideSolutionNode = FALSE
	EndGlobalSection
	GlobalSection(ExtensibilityGlobals) = postSolution
		SolutionGuid = {65CD4A24-C6C4-4A28-8300-F47F3D8317C9}
	EndGlobalSection
EndGlobal
